
Microsoft Visual Studio Solution File, Format Version 12.00
# Visual Studio Version 17
VisualStudioVersion = 17.7.34031.279
MinimumVisualStudioVersion = 10.0.40219.1
Project("{FAE04EC0-301F-11D3-BF4B-00C04F79EFBC}") = "Tema2-CuadrosTexto", "Tema2-CuadrosTexto\Tema2-CuadrosTexto.csproj", "{D952B6ED-8EF0-430C-BBB9-371A2A3592CB}"
EndProject
Global
	GlobalSection(SolutionConfigurationPlatforms) = preSolution
		Debug|Any CPU = Debug|Any CPU
		Release|Any CPU = Release|Any CPU
	EndGlobalSection
	GlobalSection(ProjectConfigurationPlatforms) = postSolution
		{D952B6ED-8EF0-430C-BBB9-371A2A3592CB}.Debug|Any CPU.ActiveCfg = Debug|Any CPU
		{D952B6ED-8EF0-430C-BBB9-371A2A3592CB}.Debug|Any CPU.Build.0 = Debug|Any CPU
		{D952B6ED-8EF0-430C-BBB9-371A2A3592CB}.Release|Any CPU.ActiveCfg = Release|Any CPU
		{D952B6ED-8EF0-430C-BBB9-371A2A3592CB}.Release|Any CPU.Build.0 = Release|Any CPU
	EndGlobalSection
	GlobalSection(SolutionProperties) = preSolution
		HideSolutionNode = FALSE
	EndGlobalSection
	GlobalSection(ExtensibilityGlobals) = postSolution
		SolutionGuid = {0C7DE16E-3458-4801-94FF-912BA068CE2F}
	EndGlobalSection
EndGlobal
